
Microsoft Visual Studio Solution File, Format Version 11.00
# Visual Studio 2010
Project("{FAE04EC0-301F-11D3-BF4B-00C04F79EFBC}") = "AppScene", "AppScene\AppScene.csproj", "{4ECB9A8F-51A3-4FA5-B354-A6024401AC81}"
EndProject
Project("{FAE04EC0-301F-11D3-BF4B-00C04F79EFBC}") = "GdalReader", "GdalReader\GdalReader.csproj", "{652141FD-76E8-4BDC-A6B1-B9CA93FCF78D}"
EndProject
Global
	GlobalSection(SolutionConfigurationPlatforms) = preSolution
		Debug|x86 = Debug|x86
		Release|x86 = Release|x86
	EndGlobalSection
	GlobalSection(ProjectConfigurationPlatforms) = postSolution
		{4ECB9A8F-51A3-4FA5-B354-A6024401AC81}.Debug|x86.ActiveCfg = Debug|x86
		{4ECB9A8F-51A3-4FA5-B354-A6024401AC81}.Debug|x86.Build.0 = Debug|x86
		{4ECB9A8F-51A3-4FA5-B354-A6024401AC81}.Release|x86.ActiveCfg = Release|x86
		{4ECB9A8F-51A3-4FA5-B354-A6024401AC81}.Release|x86.Build.0 = Release|x86
		{652141FD-76E8-4BDC-A6B1-B9CA93FCF78D}.Debug|x86.ActiveCfg = Debug|x86
		{652141FD-76E8-4BDC-A6B1-B9CA93FCF78D}.Debug|x86.Build.0 = Debug|x86
		{652141FD-76E8-4BDC-A6B1-B9CA93FCF78D}.Release|x86.ActiveCfg = Release|x86
		{652141FD-76E8-4BDC-A6B1-B9CA93FCF78D}.Release|x86.Build.0 = Release|x86
	EndGlobalSection
	GlobalSection(SolutionProperties) = preSolution
		HideSolutionNode = FALSE
	EndGlobalSection
EndGlobal
